
Microsoft Visual Studio Solution File, Format Version 12.00
# Visual Studio Version 17
VisualStudioVersion = 17.9.34728.123
MinimumVisualStudioVersion = 10.0.40219.1
Project("{9A19103F-16F7-4668-BE54-9A1E7A4F7556}") = "LibreduckReloaded", "LibreduckReloaded\LibreduckReloaded.csproj", "{B06B6C78-C634-4328-BCE4-2D1ABE717D18}"
EndProject
Project("{9A19103F-16F7-4668-BE54-9A1E7A4F7556}") = "LibreduckReloaded.Desktop", "LibreduckReloaded.Desktop\LibreduckReloaded.Desktop.csproj", "{4B987A9B-9967-4C39-A863-A78D5EC7CD19}"
EndProject
Global
	GlobalSection(SolutionConfigurationPlatforms) = preSolution
		Debug|Any CPU = Debug|Any CPU
		Release|Any CPU = Release|Any CPU
	EndGlobalSection
	GlobalSection(ProjectConfigurationPlatforms) = postSolution
		{B06B6C78-C634-4328-BCE4-2D1ABE717D18}.Debug|Any CPU.ActiveCfg = Debug|Any CPU
		{B06B6C78-C634-4328-BCE4-2D1ABE717D18}.Debug|Any CPU.Build.0 = Debug|Any CPU
		{B06B6C78-C634-4328-BCE4-2D1ABE717D18}.Release|Any CPU.ActiveCfg = Release|Any CPU
		{B06B6C78-C634-4328-BCE4-2D1ABE717D18}.Release|Any CPU.Build.0 = Release|Any CPU
		{4B987A9B-9967-4C39-A863-A78D5EC7CD19}.Debug|Any CPU.ActiveCfg = Debug|Any CPU
		{4B987A9B-9967-4C39-A863-A78D5EC7CD19}.Debug|Any CPU.Build.0 = Debug|Any CPU
		{4B987A9B-9967-4C39-A863-A78D5EC7CD19}.Release|Any CPU.ActiveCfg = Release|Any CPU
		{4B987A9B-9967-4C39-A863-A78D5EC7CD19}.Release|Any CPU.Build.0 = Release|Any CPU
	EndGlobalSection
	GlobalSection(SolutionProperties) = preSolution
		HideSolutionNode = FALSE
	EndGlobalSection
	GlobalSection(ExtensibilityGlobals) = postSolution
		SolutionGuid = {61244615-7BCE-4278-9E97-3D8CF97012CF}
	EndGlobalSection
EndGlobal
